# This file is @generated by PDM.
# It is not intended for manual editing.

[metadata]
groups = ["default", "test"]
strategy = ["inherit_metadata"]
lock_version = "4.5.0"
content_hash = "sha256:5e7d30fdb234906877ffcd251a772c2d5ee57433631c66239e5eafbe134e67cb"

[[metadata.targets]]
requires_python = "==3.13.*"

[[package]]
name = "colorama"
version = "0.4.6"
requires_python = "!=3.0.*,!=3.1.*,!=3.2.*,!=3.3.*,!=3.4.*,!=3.5.*,!=3.6.*,>=2.7"
summary = "Cross-platform colored terminal text."
groups = ["test"]
marker = "sys_platform == \"win32\" and python_version == \"3.13\""
files = [
    {file = "colorama-0.4.6-py2.py3-none-any.whl", hash = "sha256:4f1d9991f5acc0ca119f9d443620b77f9d6b33703e51011c16baf57afb285fc6"},
    {file = "colorama-0.4.6.tar.gz", hash = "sha256:08695f5cb7ed6e0531a20572697297273c47b8cae5a63ffc6d6ed5c201be6e44"},
]

[[package]]
name = "coverage"
version = "7.9.1"
requires_python = ">=3.9"
summary = "Code coverage measurement for Python"
groups = ["test"]
marker = "python_version == \"3.13\""
files = [
    {file = "coverage-7.9.1-cp313-cp313-macosx_10_13_x86_64.whl", hash = "sha256:31324f18d5969feef7344a932c32428a2d1a3e50b15a6404e97cba1cc9b2c631"},
    {file = "coverage-7.9.1-cp313-cp313-macosx_11_0_arm64.whl", hash = "sha256:0c804506d624e8a20fb3108764c52e0eef664e29d21692afa375e0dd98dc384f"},
    {file = "coverage-7.9.1-cp313-cp313-manylinux_2_17_aarch64.manylinux2014_aarch64.whl", hash = "sha256:ef64c27bc40189f36fcc50c3fb8f16ccda73b6a0b80d9bd6e6ce4cffcd810bbd"},
    {file = "coverage-7.9.1-cp313-cp313-manylinux_2_5_i686.manylinux1_i686.manylinux_2_17_i686.manylinux2014_i686.whl", hash = "sha256:d4fe2348cc6ec372e25adec0219ee2334a68d2f5222e0cba9c0d613394e12d86"},
    {file = "coverage-7.9.1-cp313-cp313-manylinux_2_5_x86_64.manylinux1_x86_64.manylinux_2_17_x86_64.manylinux2014_x86_64.whl", hash = "sha256:34ed2186fe52fcc24d4561041979a0dec69adae7bce2ae8d1c49eace13e55c43"},
    {file = "coverage-7.9.1-cp313-cp313-musllinux_1_2_aarch64.whl", hash = "sha256:25308bd3d00d5eedd5ae7d4357161f4df743e3c0240fa773ee1b0f75e6c7c0f1"},
    {file = "coverage-7.9.1-cp313-cp313-musllinux_1_2_i686.whl", hash = "sha256:73e9439310f65d55a5a1e0564b48e34f5369bee943d72c88378f2d576f5a5751"},
    {file = "coverage-7.9.1-cp313-cp313-musllinux_1_2_x86_64.whl", hash = "sha256:37ab6be0859141b53aa89412a82454b482c81cf750de4f29223d52268a86de67"},
    {file = "coverage-7.9.1-cp313-cp313-win32.whl", hash = "sha256:64bdd969456e2d02a8b08aa047a92d269c7ac1f47e0c977675d550c9a0863643"},
    {file = "coverage-7.9.1-cp313-cp313-win_amd64.whl", hash = "sha256:be9e3f68ca9edb897c2184ad0eee815c635565dbe7a0e7e814dc1f7cbab92c0a"},
    {file = "coverage-7.9.1-cp313-cp313-win_arm64.whl", hash = "sha256:1c503289ffef1d5105d91bbb4d62cbe4b14bec4d13ca225f9c73cde9bb46207d"},
    {file = "coverage-7.9.1-cp313-cp313t-macosx_10_13_x86_64.whl", hash = "sha256:0b3496922cb5f4215bf5caaef4cf12364a26b0be82e9ed6d050f3352cf2d7ef0"},
    {file = "coverage-7.9.1-cp313-cp313t-macosx_11_0_arm64.whl", hash = "sha256:9565c3ab1c93310569ec0d86b017f128f027cab0b622b7af288696d7ed43a16d"},
    {file = "coverage-7.9.1-cp313-cp313t-manylinux_2_17_aarch64.manylinux2014_aarch64.whl", hash = "sha256:2241ad5dbf79ae1d9c08fe52b36d03ca122fb9ac6bca0f34439e99f8327ac89f"},
    {file = "coverage-7.9.1-cp313-cp313t-manylinux_2_5_i686.manylinux1_i686.manylinux_2_17_i686.manylinux2014_i686.whl", hash = "sha256:3bb5838701ca68b10ebc0937dbd0eb81974bac54447c55cd58dea5bca8451029"},
    {file = "coverage-7.9.1-cp313-cp313t-manylinux_2_5_x86_64.manylinux1_x86_64.manylinux_2_17_x86_64.manylinux2014_x86_64.whl", hash = "sha256:b30a25f814591a8c0c5372c11ac8967f669b97444c47fd794926e175c4047ece"},
    {file = "coverage-7.9.1-cp313-cp313t-musllinux_1_2_aarch64.whl", hash = "sha256:2d04b16a6062516df97969f1ae7efd0de9c31eb6ebdceaa0d213b21c0ca1a683"},
    {file = "coverage-7.9.1-cp313-cp313t-musllinux_1_2_i686.whl", hash = "sha256:7931b9e249edefb07cd6ae10c702788546341d5fe44db5b6108a25da4dca513f"},
    {file = "coverage-7.9.1-cp313-cp313t-musllinux_1_2_x86_64.whl", hash = "sha256:52e92b01041151bf607ee858e5a56c62d4b70f4dac85b8c8cb7fb8a351ab2c10"},
    {file = "coverage-7.9.1-cp313-cp313t-win32.whl", hash = "sha256:684e2110ed84fd1ca5f40e89aa44adf1729dc85444004111aa01866507adf363"},
    {file = "coverage-7.9.1-cp313-cp313t-win_amd64.whl", hash = "sha256:437c576979e4db840539674e68c84b3cda82bc824dd138d56bead1435f1cb5d7"},
    {file = "coverage-7.9.1-cp313-cp313t-win_arm64.whl", hash = "sha256:18a0912944d70aaf5f399e350445738a1a20b50fbea788f640751c2ed9208b6c"},
    {file = "coverage-7.9.1-py3-none-any.whl", hash = "sha256:66b974b145aa189516b6bf2d8423e888b742517d37872f6ee4c5be0073bd9a3c"},
    {file = "coverage-7.9.1.tar.gz", hash = "sha256:6cf43c78c4282708a28e466316935ec7489a9c487518a77fa68f716c67909cec"},
]

[[package]]
name = "iniconfig"
version = "2.1.0"
requires_python = ">=3.8"
summary = "brain-dead simple config-ini parsing"
groups = ["test"]
marker = "python_version == \"3.13\""
files = [
    {file = "iniconfig-2.1.0-py3-none-any.whl", hash = "sha256:9deba5723312380e77435581c6bf4935c94cbfab9b1ed33ef8d238ea168eb760"},
    {file = "iniconfig-2.1.0.tar.gz", hash = "sha256:3abbd2e30b36733fee78f9c7f7308f2d0050e88f0087fd25c2645f63c773e1c7"},
]

[[package]]
name = "numpy"
version = "2.3.0"
requires_python = ">=3.11"
summary = "Fundamental package for array computing in Python"
groups = ["default"]
marker = "python_version == \"3.13\""
files = [
    {file = "numpy-2.3.0-cp313-cp313-macosx_10_13_x86_64.whl", hash = "sha256:5754ab5595bfa2c2387d241296e0381c21f44a4b90a776c3c1d39eede13a746a"},
    {file = "numpy-2.3.0-cp313-cp313-macosx_11_0_arm64.whl", hash = "sha256:d11fa02f77752d8099573d64e5fe33de3229b6632036ec08f7080f46b6649959"},
    {file = "numpy-2.3.0-cp313-cp313-macosx_14_0_arm64.whl", hash = "sha256:aba48d17e87688a765ab1cd557882052f238e2f36545dfa8e29e6a91aef77afe"},
    {file = "numpy-2.3.0-cp313-cp313-macosx_14_0_x86_64.whl", hash = "sha256:4dc58865623023b63b10d52f18abaac3729346a7a46a778381e0e3af4b7f3beb"},
    {file = "numpy-2.3.0-cp313-cp313-manylinux_2_28_aarch64.whl", hash = "sha256:df470d376f54e052c76517393fa443758fefcdd634645bc9c1f84eafc67087f0"},
    {file = "numpy-2.3.0-cp313-cp313-manylinux_2_28_x86_64.whl", hash = "sha256:87717eb24d4a8a64683b7a4e91ace04e2f5c7c77872f823f02a94feee186168f"},
    {file = "numpy-2.3.0-cp313-cp313-musllinux_1_2_aarch64.whl", hash = "sha256:d8fa264d56882b59dcb5ea4d6ab6f31d0c58a57b41aec605848b6eb2ef4a43e8"},
    {file = "numpy-2.3.0-cp313-cp313-musllinux_1_2_x86_64.whl", hash = "sha256:e651756066a0eaf900916497e20e02fe1ae544187cb0fe88de981671ee7f6270"},
    {file = "numpy-2.3.0-cp313-cp313-win32.whl", hash = "sha256:e43c3cce3b6ae5f94696669ff2a6eafd9a6b9332008bafa4117af70f4b88be6f"},
    {file = "numpy-2.3.0-cp313-cp313-win_amd64.whl", hash = "sha256:81ae0bf2564cf475f94be4a27ef7bcf8af0c3e28da46770fc904da9abd5279b5"},
    {file = "numpy-2.3.0-cp313-cp313-win_arm64.whl", hash = "sha256:c8738baa52505fa6e82778580b23f945e3578412554d937093eac9205e845e6e"},
    {file = "numpy-2.3.0-cp313-cp313t-macosx_10_13_x86_64.whl", hash = "sha256:39b27d8b38942a647f048b675f134dd5a567f95bfff481f9109ec308515c51d8"},
    {file = "numpy-2.3.0-cp313-cp313t-macosx_11_0_arm64.whl", hash = "sha256:0eba4a1ea88f9a6f30f56fdafdeb8da3774349eacddab9581a21234b8535d3d3"},
    {file = "numpy-2.3.0-cp313-cp313t-macosx_14_0_arm64.whl", hash = "sha256:b0f1f11d0a1da54927436505a5a7670b154eac27f5672afc389661013dfe3d4f"},
    {file = "numpy-2.3.0-cp313-cp313t-macosx_14_0_x86_64.whl", hash = "sha256:690d0a5b60a47e1f9dcec7b77750a4854c0d690e9058b7bef3106e3ae9117808"},
    {file = "numpy-2.3.0-cp313-cp313t-manylinux_2_28_aarch64.whl", hash = "sha256:8b51ead2b258284458e570942137155978583e407babc22e3d0ed7af33ce06f8"},
    {file = "numpy-2.3.0-cp313-cp313t-manylinux_2_28_x86_64.whl", hash = "sha256:aaf81c7b82c73bd9b45e79cfb9476cb9c29e937494bfe9092c26aece812818ad"},
    {file = "numpy-2.3.0-cp313-cp313t-musllinux_1_2_aarch64.whl", hash = "sha256:f420033a20b4f6a2a11f585f93c843ac40686a7c3fa514060a97d9de93e5e72b"},
    {file = "numpy-2.3.0-cp313-cp313t-musllinux_1_2_x86_64.whl", hash = "sha256:d344ca32ab482bcf8735d8f95091ad081f97120546f3d250240868430ce52555"},
    {file = "numpy-2.3.0-cp313-cp313t-win32.whl", hash = "sha256:48a2e8eaf76364c32a1feaa60d6925eaf32ed7a040183b807e02674305beef61"},
    {file = "numpy-2.3.0-cp313-cp313t-win_amd64.whl", hash = "sha256:ba17f93a94e503551f154de210e4d50c5e3ee20f7e7a1b5f6ce3f22d419b93bb"},
    {file = "numpy-2.3.0-cp313-cp313t-win_arm64.whl", hash = "sha256:f14e016d9409680959691c109be98c436c6249eaf7f118b424679793607b5944"},
    {file = "numpy-2.3.0.tar.gz", hash = "sha256:581f87f9e9e9db2cba2141400e160e9dd644ee248788d6f90636eeb8fd9260a6"},
]

[[package]]
name = "packaging"
version = "25.0"
requires_python = ">=3.8"
summary = "Core utilities for Python packages"
groups = ["test"]
marker = "python_version == \"3.13\""
files = [
    {file = "packaging-25.0-py3-none-any.whl", hash = "sha256:29572ef2b1f17581046b3a2227d5c611fb25ec70ca1ba8554b24b0e69331a484"},
    {file = "packaging-25.0.tar.gz", hash = "sha256:d443872c98d677bf60f6a1f2f8c1cb748e8fe762d2bf9d3148b5599295b0fc4f"},
]

[[package]]
name = "pluggy"
version = "1.6.0"
requires_python = ">=3.9"
summary = "plugin and hook calling mechanisms for python"
groups = ["test"]
marker = "python_version == \"3.13\""
files = [
    {file = "pluggy-1.6.0-py3-none-any.whl", hash = "sha256:e920276dd6813095e9377c0bc5566d94c932c33b27a3e3945d8389c374dd4746"},
    {file = "pluggy-1.6.0.tar.gz", hash = "sha256:7dcc130b76258d33b90f61b658791dede3486c3e6bfb003ee5c9bfb396dd22f3"},
]

[[package]]
name = "pygments"
version = "2.19.1"
requires_python = ">=3.8"
summary = "Pygments is a syntax highlighting package written in Python."
groups = ["test"]
marker = "python_version == \"3.13\""
files = [
    {file = "pygments-2.19.1-py3-none-any.whl", hash = "sha256:9ea1544ad55cecf4b8242fab6dd35a93bbce657034b0611ee383099054ab6d8c"},
    {file = "pygments-2.19.1.tar.gz", hash = "sha256:61c16d2a8576dc0649d9f39e089b5f02bcd27fba10d8fb4dcc28173f7a45151f"},
]

[[package]]
name = "pytest"
version = "8.4.0"
requires_python = ">=3.9"
summary = "pytest: simple powerful testing with Python"
groups = ["test"]
marker = "python_version == \"3.13\""
dependencies = [
    "colorama>=0.4; sys_platform == \"win32\"",
    "exceptiongroup>=1; python_version < \"3.11\"",
    "iniconfig>=1",
    "packaging>=20",
    "pluggy<2,>=1.5",
    "pygments>=2.7.2",
    "tomli>=1; python_version < \"3.11\"",
]
files = [
    {file = "pytest-8.4.0-py3-none-any.whl", hash = "sha256:f40f825768ad76c0977cbacdf1fd37c6f7a468e460ea6a0636078f8972d4517e"},
    {file = "pytest-8.4.0.tar.gz", hash = "sha256:14d920b48472ea0dbf68e45b96cd1ffda4705f33307dcc86c676c1b5104838a6"},
]

[[package]]
name = "scipy"
version = "1.15.3"
requires_python = ">=3.10"
summary = "Fundamental algorithms for scientific computing in Python"
groups = ["default"]
marker = "python_version == \"3.13\""
dependencies = [
    "numpy<2.5,>=1.23.5",
]
files = [
    {file = "scipy-1.15.3-cp313-cp313-macosx_10_13_x86_64.whl", hash = "sha256:2c620736bcc334782e24d173c0fdbb7590a0a436d2fdf39310a8902505008759"},
    {file = "scipy-1.15.3-cp313-cp313-macosx_12_0_arm64.whl", hash = "sha256:7e11270a000969409d37ed399585ee530b9ef6aa99d50c019de4cb01e8e54e62"},
    {file = "scipy-1.15.3-cp313-cp313-macosx_14_0_arm64.whl", hash = "sha256:8c9ed3ba2c8a2ce098163a9bdb26f891746d02136995df25227a20e71c396ebb"},
    {file = "scipy-1.15.3-cp313-cp313-macosx_14_0_x86_64.whl", hash = "sha256:0bdd905264c0c9cfa74a4772cdb2070171790381a5c4d312c973382fc6eaf730"},
    {file = "scipy-1.15.3-cp313-cp313-manylinux_2_17_aarch64.manylinux2014_aarch64.whl", hash = "sha256:79167bba085c31f38603e11a267d862957cbb3ce018d8b38f79ac043bc92d825"},
    {file = "scipy-1.15.3-cp313-cp313-manylinux_2_17_x86_64.manylinux2014_x86_64.whl", hash = "sha256:c9deabd6d547aee2c9a81dee6cc96c6d7e9a9b1953f74850c179f91fdc729cb7"},
    {file = "scipy-1.15.3-cp313-cp313-musllinux_1_2_aarch64.whl", hash = "sha256:dde4fc32993071ac0c7dd2d82569e544f0bdaff66269cb475e0f369adad13f11"},
    {file = "scipy-1.15.3-cp313-cp313-musllinux_1_2_x86_64.whl", hash = "sha256:f77f853d584e72e874d87357ad70f44b437331507d1c311457bed8ed2b956126"},
    {file = "scipy-1.15.3-cp313-cp313-win_amd64.whl", hash = "sha256:b90ab29d0c37ec9bf55424c064312930ca5f4bde15ee8619ee44e69319aab163"},
    {file = "scipy-1.15.3-cp313-cp313t-macosx_10_13_x86_64.whl", hash = "sha256:3ac07623267feb3ae308487c260ac684b32ea35fd81e12845039952f558047b8"},
    {file = "scipy-1.15.3-cp313-cp313t-macosx_12_0_arm64.whl", hash = "sha256:6487aa99c2a3d509a5227d9a5e889ff05830a06b2ce08ec30df6d79db5fcd5c5"},
    {file = "scipy-1.15.3-cp313-cp313t-macosx_14_0_arm64.whl", hash = "sha256:50f9e62461c95d933d5c5ef4a1f2ebf9a2b4e83b0db374cb3f1de104d935922e"},
    {file = "scipy-1.15.3-cp313-cp313t-macosx_14_0_x86_64.whl", hash = "sha256:14ed70039d182f411ffc74789a16df3835e05dc469b898233a245cdfd7f162cb"},
    {file = "scipy-1.15.3-cp313-cp313t-manylinux_2_17_aarch64.manylinux2014_aarch64.whl", hash = "sha256:0a769105537aa07a69468a0eefcd121be52006db61cdd8cac8a0e68980bbb723"},
    {file = "scipy-1.15.3-cp313-cp313t-manylinux_2_17_x86_64.manylinux2014_x86_64.whl", hash = "sha256:9db984639887e3dffb3928d118145ffe40eff2fa40cb241a306ec57c219ebbbb"},
    {file = "scipy-1.15.3-cp313-cp313t-musllinux_1_2_aarch64.whl", hash = "sha256:40e54d5c7e7ebf1aa596c374c49fa3135f04648a0caabcb66c52884b943f02b4"},
    {file = "scipy-1.15.3-cp313-cp313t-musllinux_1_2_x86_64.whl", hash = "sha256:5e721fed53187e71d0ccf382b6bf977644c533e506c4d33c3fb24de89f5c3ed5"},
    {file = "scipy-1.15.3-cp313-cp313t-win_amd64.whl", hash = "sha256:76ad1fb5f8752eabf0fa02e4cc0336b4e8f021e2d5f061ed37d6d264db35e3ca"},
    {file = "scipy-1.15.3.tar.gz", hash = "sha256:eae3cf522bc7df64b42cad3925c876e1b0b6c35c1337c93e12c0f366f55b0eaf"},
]
